<?xml version="1.0" encoding="utf-8"?>
<Project ToolsVersion="4.0" xmlns="http://schemas.microsoft.com/developer/msbuild/2003">
  <ItemGroup>
    <Filter Include="Resource Files">
      <UniqueIdentifier>{67DA6AB6-F800-4c08-8B7A-83BB121AAD01}</UniqueIdentifier>
      <Extensions>rc;ico;cur;bmp;dlg;rc2;rct;bin;rgs;gif;jpg;jpeg;jpe;resx;tiff;tif;png;wav;mfcribbon-ms</Extensions>
    </Filter>
    <Filter Include="Shaders">
      <UniqueIdentifier>{4ebf0362-f5a1-4f42-a737-2285308b02d4}</UniqueIdentifier>
    </Filter>
    <Filter Include="Shaders\Examples">
      <UniqueIdentifier>{520fdbdf-c316-4c5f-8007-5769630f9359}</UniqueIdentifier>
    </Filter>
    <Filter Include="CodeGen">
      <UniqueIdentifier>{6046498a-9470-4b36-9f7a-f6adc8027958}</UniqueIdentifier>
    </Filter>
    <Filter Include="CodeGen\Objects">
      <UniqueIdentifier>{20f2832a-7611-4343-af8d-7b2b2d64a0f1}</UniqueIdentifier>
    </Filter>
  </ItemGroup>
  <ItemGroup>
    <ClCompile Include="main.cpp" />
    <ClCompile Include="QuadricRender.cpp" />
    <ClCompile Include="CodeGen\demo.cpp">
      <Filter>CodeGen</Filter>
    </ClCompile>
    <ClCompile Include="CodeGen\util.cpp">
      <Filter>CodeGen</Filter>
    </ClCompile>
    <ClCompile Include="CodeGen\Objects\model1.cpp" />
    <ClCompile Include="CodeGen\Objects\model2.cpp" />
    <ClCompile Include="CodeGen\Objects\ObjectsUtil.cpp" />
    <ClCompile Include="CodeGen\Objects\model3.cpp" />
    <ClCompile Include="CodeGen\Objects\model4.cpp" />
    <ClCompile Include="CodeGen\Objects\model5.cpp" />
    <ClCompile Include="CodeGen\Objects\model7.cpp" />
    <ClCompile Include="CodeGen\Objects\model8.cpp" />
    <ClCompile Include="CodeGen\Objects\model9.cpp" />
  </ItemGroup>
  <ItemGroup>
    <None Include="Shaders\vert.vert">
      <Filter>Shaders</Filter>
    </None>
    <None Include="Shaders\Examples\default.glsl">
      <Filter>Shaders\Examples</Filter>
    </None>
    <None Include="Shaders\Examples\ring.glsl">
      <Filter>Shaders\Examples</Filter>
    </None>
    <None Include="Shaders\Examples\tower.glsl">
      <Filter>Shaders\Examples</Filter>
    </None>
    <None Include="Shaders\Examples\spherebox.glsl">
      <Filter>Shaders\Examples</Filter>
    </None>
    <None Include="Shaders\fragment.frag">
      <Filter>Shaders</Filter>
    </None>
    <None Include="Shaders\Examples\blocks.glsl">
      <Filter>Shaders\Examples</Filter>
    </None>
    <None Include="Shaders\sdf_common.glsl">
      <Filter>Shaders</Filter>
    </None>
    <None Include="Shaders\sdf_precompute.glsl">
      <Filter>Shaders</Filter>
    </None>
    <None Include="Shaders\quadric.glsl">
      <Filter>Shaders</Filter>
    </None>
    <None Include="Shaders\eccentricity.glsl">
      <Filter>Shaders</Filter>
    </None>
    <None Include="Shaders\tracing.glsl">
      <Filter>Shaders</Filter>
    </None>
    <None Include="Shaders\frame.comp">
      <Filter>Shaders</Filter>
    </None>
    <None Include="Shaders\Examples\menger.glsl">
      <Filter>Shaders\Examples</Filter>
    </None>
    <None Include="Shaders\Examples\spheres.glsl">
      <Filter>Shaders\Examples</Filter>
    </None>
  </ItemGroup>
  <ItemGroup>
    <ClInclude Include="QuadricRender.h" />
    <ClInclude Include="CodeGen\bounding_opt.h">
      <Filter>CodeGen</Filter>
    </ClInclude>
    <ClInclude Include="CodeGen\CNF.h">
      <Filter>CodeGen</Filter>
    </ClInclude>
    <ClInclude Include="CodeGen\codegen.h">
      <Filter>CodeGen</Filter>
    </ClInclude>
    <ClInclude Include="CodeGen\demo.h">
      <Filter>CodeGen</Filter>
    </ClInclude>
    <ClInclude Include="CodeGen\expr.h">
      <Filter>CodeGen</Filter>
    </ClInclude>
    <ClInclude Include="CodeGen\material.h">
      <Filter>CodeGen</Filter>
    </ClInclude>
    <ClInclude Include="CodeGen\ui.h">
      <Filter>CodeGen</Filter>
    </ClInclude>
    <ClInclude Include="CodeGen\util.h">
      <Filter>CodeGen</Filter>
    </ClInclude>
    <ClInclude Include="CodeGen\Objects\models.h" />
  </ItemGroup>
</Project>